{
  "name": "@utexo/rgb-lightning-node-bare",
  "version": "0.1.0-beta.14",
  "lockfileVersion": 3,
  "requires": true,
  "packages": {
    "": {
      "name": "@utexo/rgb-lightning-node-bare",
      "version": "0.1.0-beta.14",
      "hasInstallScript": true,
      "license": "Apache-2.0",
      "dependencies": {
        "bare-fs": "^4.7.1",
        "bare-os": "^3.9.0",
        "bare-path": "^3.0.0",
        "cmake-bare": "^1.7.6",
        "cmake-npm": "^1.1.0",
        "require-addon": "^1.2.0"
      },
      "devDependencies": {
        "bare-runtime": "1.30.3",
        "typescript": "^6.0.3"
      },
      "engines": {
        "node": ">=20"
      }
    },
    "node_modules/b4a": {
      "version": "1.8.0",
      "resolved": "https://registry.npmjs.org/b4a/-/b4a-1.8.0.tgz",
      "integrity": "sha512-qRuSmNSkGQaHwNbM7J78Wwy+ghLEYF1zNrSeMxj4Kgw6y33O3mXcQ6Ie9fRvfU/YnxWkOchPXbaLb73TkIsfdg==",
      "license": "Apache-2.0",
      "peerDependencies": {
        "react-native-b4a": "*"
      },
      "peerDependenciesMeta": {
        "react-native-b4a": {
          "optional": true
        }
      }
    },
    "node_modules/bare-abort": {
      "version": "2.0.13",
      "resolved": "https://registry.npmjs.org/bare-abort/-/bare-abort-2.0.13.tgz",
      "integrity": "sha512-zdc8l88eB11Jsz5rDd6sCAgv2kUFXgdrZWoMlgU6JMkfAi1/uuGFC3IEHswKbIRQTk5H3T5CMuechsXYxiaHlQ==",
      "dev": true,
      "license": "Apache-2.0"
    },
    "node_modules/bare-addon-resolve": {
      "version": "1.10.0",
      "resolved": "https://registry.npmjs.org/bare-addon-resolve/-/bare-addon-resolve-1.10.0.tgz",
      "integrity": "sha512-sSd0jieRJlDaODOzj0oe0RjFVC1QI0ZIjGIdPkbrTXsdVVtENg14c+lHHAhHwmWCZ2nQlMhy8jA3Y5LYPc/isA==",
      "license": "Apache-2.0",
      "dependencies": {
        "bare-module-resolve": "^1.10.0",
        "bare-semver": "^1.0.0"
      },
      "peerDependencies": {
        "bare-url": "*"
      },
      "peerDependenciesMeta": {
        "bare-url": {
          "optional": true
        }
      }
    },
    "node_modules/bare-buffer": {
      "version": "3.6.2",
      "resolved": "https://registry.npmjs.org/bare-buffer/-/bare-buffer-3.6.2.tgz",
      "integrity": "sha512-WT9xx12FJvWbBCkgfjuAeWfY40RW6BKVr2fK9UGrTEYKbvqhcaW0J9AMkA3Sj36Wgi+DUuGXYkZPxn5jVH61LA==",
      "devOptional": true,
      "license": "Apache-2.0",
      "engines": {
        "bare": ">=1.20.0"
      }
    },
    "node_modules/bare-dns": {
      "version": "2.1.4",
      "resolved": "https://registry.npmjs.org/bare-dns/-/bare-dns-2.1.4.tgz",
      "integrity": "sha512-abwjHmpWqSRNB7V5615QxPH92L71AVzFm/kKTs8VYiNTAi2xVdonpv0BjJ0hwXLwomoW+xsSOPjW6PZPO14asg==",
      "dev": true,
      "license": "Apache-2.0",
      "engines": {
        "bare": ">=1.7.0"
      }
    },
    "node_modules/bare-env": {
      "version": "3.0.1",
      "resolved": "https://registry.npmjs.org/bare-env/-/bare-env-3.0.1.tgz",
      "integrity": "sha512-BdoLvnzaWR0YyyJreEx4zG2Od0AC/s9JSZ+EXyMZKunpn8zEgR/dGv37hdFUaY1bjDkcRKvcKkFyJIwlJ0CaYA==",
      "dev": true,
      "license": "Apache-2.0",
      "dependencies": {
        "bare-os": "^3.0.1"
      }
    },
    "node_modules/bare-events": {
      "version": "2.8.2",
      "resolved": "https://registry.npmjs.org/bare-events/-/bare-events-2.8.2.tgz",
      "integrity": "sha512-riJjyv1/mHLIPX4RwiK+oW9/4c3TEUeORHKefKAKnZ5kyslbN+HXowtbaVEqt4IMUB7OXlfixcs6gsFeo/jhiQ==",
      "license": "Apache-2.0",
      "peerDependencies": {
        "bare-abort-controller": "*"
      },
      "peerDependenciesMeta": {
        "bare-abort-controller": {
          "optional": true
        }
      }
    },
    "node_modules/bare-fs": {
      "version": "4.7.1",
      "resolved": "https://registry.npmjs.org/bare-fs/-/bare-fs-4.7.1.tgz",
      "integrity": "sha512-WDRsyVN52eAx/lBamKD6uyw8H4228h/x0sGGGegOamM2cd7Pag88GfMQalobXI+HaEUxpCkbKQUDOQqt9wawRw==",
      "license": "Apache-2.0",
      "dependencies": {
        "bare-events": "^2.5.4",
        "bare-path": "^3.0.0",
        "bare-stream": "^2.6.4",
        "bare-url": "^2.2.2",
        "fast-fifo": "^1.3.2"
      },
      "engines": {
        "bare": ">=1.16.0"
      },
      "peerDependencies": {
        "bare-buffer": "*"
      },
      "peerDependenciesMeta": {
        "bare-buffer": {
          "optional": true
        }
      }
    },
    "node_modules/bare-hrtime": {
      "version": "2.1.1",
      "resolved": "https://registry.npmjs.org/bare-hrtime/-/bare-hrtime-2.1.1.tgz",
      "integrity": "sha512-VMb3tHo05gsnbu3OXTmkDiwTjMlOsbQmKoysKqKEyR09m77TuDrYFbj3Q5GGk10dAKsUHrnXmwCaeJqzVpB5ZA==",
      "dev": true,
      "license": "Apache-2.0"
    },
    "node_modules/bare-module-resolve": {
      "version": "1.12.1",
      "resolved": "https://registry.npmjs.org/bare-module-resolve/-/bare-module-resolve-1.12.1.tgz",
      "integrity": "sha512-hbmAPyFpEq8FoZMd5sFO3u6MC5feluWoGE8YKlA8fCrl6mNtx68Wjg4DTiDJcqRJaovTvOYKfYngoBUnbaT7eg==",
      "license": "Apache-2.0",
      "dependencies": {
        "bare-semver": "^1.0.0"
      },
      "peerDependencies": {
        "bare-url": "*"
      },
      "peerDependenciesMeta": {
        "bare-url": {
          "optional": true
        }
      }
    },
    "node_modules/bare-os": {
      "version": "3.9.0",
      "resolved": "https://registry.npmjs.org/bare-os/-/bare-os-3.9.0.tgz",
      "integrity": "sha512-JTjuZyNIDpw+GytMO4a6TK1VXdVKKJr6DRxEHasyuYyShV2deuiHJK/ahGZlebc+SG0/wJCB9XK8gprBGDFi/Q==",
      "license": "Apache-2.0",
      "engines": {
        "bare": ">=1.14.0"
      }
    },
    "node_modules/bare-path": {
      "version": "3.0.0",
      "resolved": "https://registry.npmjs.org/bare-path/-/bare-path-3.0.0.tgz",
      "integrity": "sha512-tyfW2cQcB5NN8Saijrhqn0Zh7AnFNsnczRcuWODH0eYAXBsJ5gVxAUuNr7tsHSC6IZ77cA0SitzT+s47kot8Mw==",
      "license": "Apache-2.0",
      "dependencies": {
        "bare-os": "^3.0.1"
      }
    },
    "node_modules/bare-pipe": {
      "version": "4.2.2",
      "resolved": "https://registry.npmjs.org/bare-pipe/-/bare-pipe-4.2.2.tgz",
      "integrity": "sha512-Wkf6//CmKS8inHrkgi3X/xNMeaGfs2I0ayLM0B8cbPB4DxYHcoes6Ng+muCBfXNIJ9qmEjwDDJjAUz7nRxxjgQ==",
      "dev": true,
      "license": "Apache-2.0",
      "dependencies": {
        "bare-events": "^2.0.0",
        "bare-stream": "^2.0.0"
      },
      "engines": {
        "bare": ">=1.16.0"
      }
    },
    "node_modules/bare-posix": {
      "version": "1.0.1",
      "resolved": "https://registry.npmjs.org/bare-posix/-/bare-posix-1.0.1.tgz",
      "integrity": "sha512-b4quA8dyRVvX0aFIAIiev5zFATHwIUGr42Gmt+CqiBNg/bdsNkrj4bbkeotMOMiljJS4DCME5kywJO/TFwKo1A==",
      "dev": true,
      "license": "Apache-2.0"
    },
    "node_modules/bare-process": {
      "version": "4.5.1",
      "resolved": "https://registry.npmjs.org/bare-process/-/bare-process-4.5.1.tgz",
      "integrity": "sha512-CaAvy1trputD49mtwfJ6G75vydhnirLrW/F3Sznp4H556e1uZn8YMo9ELicBTrGYy7RBNUgPl9bpB/ERzRCiDw==",
      "dev": true,
      "license": "Apache-2.0",
      "dependencies": {
        "bare-abort": "^2.0.13",
        "bare-env": "^3.0.0",
        "bare-events": "^2.3.1",
        "bare-hrtime": "^2.0.0",
        "bare-os": "^3.7.1",
        "bare-posix": "^1.0.1",
        "bare-signals": "^5.0.0",
        "bare-stdio": "^1.0.1"
      }
    },
    "node_modules/bare-runtime": {
      "version": "1.30.3",
      "resolved": "https://registry.npmjs.org/bare-runtime/-/bare-runtime-1.30.3.tgz",
      "integrity": "sha512-S04vL3izBSWHjnyMUrUFh4+S63TO7rtdeP/2MQPiRq2NBtyCRzJQa8VipDvqdtwysPh0Xg9l1xcU2fV2xHTYGA==",
      "dev": true,
      "license": "Apache-2.0",
      "workspaces": [
        "npm/*"
      ],
      "dependencies": {
        "bare-fs": "^4.4.4",
        "bare-os": "^3.0.1",
        "bare-path": "^3.0.0",
        "bare-process": "^4.2.1",
        "bare-subprocess": "^6.1.0"
      },
      "bin": {
        "bare": "bin/bare"
      },
      "optionalDependencies": {
        "bare-runtime-android-arm": "1.30.3",
        "bare-runtime-android-arm64": "1.30.3",
        "bare-runtime-android-ia32": "1.30.3",
        "bare-runtime-android-x64": "1.30.3",
        "bare-runtime-darwin-arm64": "1.30.3",
        "bare-runtime-darwin-x64": "1.30.3",
        "bare-runtime-ios-arm64": "1.30.3",
        "bare-runtime-ios-arm64-simulator": "1.30.3",
        "bare-runtime-ios-x64-simulator": "1.30.3",
        "bare-runtime-linux-arm64": "1.30.3",
        "bare-runtime-linux-x64": "1.30.3",
        "bare-runtime-win32-arm64": "1.30.3",
        "bare-runtime-win32-x64": "1.30.3"
      }
    },
    "node_modules/bare-runtime-android-arm": {
      "version": "1.30.3",
      "resolved": "https://registry.npmjs.org/bare-runtime-android-arm/-/bare-runtime-android-arm-1.30.3.tgz",
      "integrity": "sha512-4spXALyUPXHRMzWuNyNGLIBRcWAPCbs4/vnCP38Szlm3if4Z9zgkSB0uVZqIHYHUxOLT33PWF8MeIzmMFWHgjA==",
      "cpu": [
        "arm"
      ],
      "dev": true,
      "license": "Apache-2.0",
      "optional": true,
      "os": [
        "android"
      ],
      "dependencies": {
        "require-asset": "^1.0.2"
      },
      "bin": {
        "bare": "bin/bare"
      }
    },
    "node_modules/bare-runtime-android-arm64": {
      "version": "1.30.3",
      "resolved": "https://registry.npmjs.org/bare-runtime-android-arm64/-/bare-runtime-android-arm64-1.30.3.tgz",
      "integrity": "sha512-X79HV8rKYTEQqe7dpOVQ7WDiE8zEU6pbzXQ6oSPHtgw8Y/Ho61WCjvYLepHuRb6WiuOYptIg4f+yfXb+nQ/feQ==",
      "cpu": [
        "arm64"
      ],
      "dev": true,
      "license": "Apache-2.0",
      "optional": true,
      "os": [
        "android"
      ],
      "dependencies": {
        "require-asset": "^1.0.2"
      },
      "bin": {
        "bare": "bin/bare"
      }
    },
    "node_modules/bare-runtime-android-ia32": {
      "version": "1.30.3",
      "resolved": "https://registry.npmjs.org/bare-runtime-android-ia32/-/bare-runtime-android-ia32-1.30.3.tgz",
      "integrity": "sha512-wP9kZB/jQfAeRNtQfkah+ObwrdpTcqYKbjsZUOMznRJ9q55Zb90tPG8ZGTRBBM2HZYDnfjy/VKzj/Bx/Ew1Dpg==",
      "cpu": [
        "ia32"
      ],
      "dev": true,
      "license": "Apache-2.0",
      "optional": true,
      "os": [
        "android"
      ],
      "dependencies": {
        "require-asset": "^1.0.2"
      },
      "bin": {
        "bare": "bin/bare"
      }
    },
    "node_modules/bare-runtime-android-x64": {
      "version": "1.30.3",
      "resolved": "https://registry.npmjs.org/bare-runtime-android-x64/-/bare-runtime-android-x64-1.30.3.tgz",
      "integrity": "sha512-wJ2EG/l1VGEXqtEM/QBNwAbJJYNsgJY6+4LM2Cf/6gXog8RvvDCLskJKFs9RKvSdVlF8V1Ap4nDKTx8LqAr1Yw==",
      "cpu": [
        "x64"
      ],
      "dev": true,
      "license": "Apache-2.0",
      "optional": true,
      "os": [
        "android"
      ],
      "dependencies": {
        "require-asset": "^1.0.2"
      },
      "bin": {
        "bare": "bin/bare"
      }
    },
    "node_modules/bare-runtime-darwin-arm64": {
      "version": "1.30.3",
      "resolved": "https://registry.npmjs.org/bare-runtime-darwin-arm64/-/bare-runtime-darwin-arm64-1.30.3.tgz",
      "integrity": "sha512-wjyWzaSBps9e7GtMx3Rdxx+f7dhY93aiY2RIKDyW5ySHZBy1X6FBgsH1V6m6FgfQbIIsN2FiCKZ6zVU8i15PRQ==",
      "cpu": [
        "arm64"
      ],
      "dev": true,
      "license": "Apache-2.0",
      "optional": true,
      "os": [
        "darwin"
      ],
      "dependencies": {
        "require-asset": "^1.0.2"
      },
      "bin": {
        "bare": "bin/bare"
      }
    },
    "node_modules/bare-runtime-darwin-x64": {
      "version": "1.30.3",
      "resolved": "https://registry.npmjs.org/bare-runtime-darwin-x64/-/bare-runtime-darwin-x64-1.30.3.tgz",
      "integrity": "sha512-S9PkB/WTdFpMWOtZnv3OfmHoCUeHihNoXHPlc53GtjjZrqtQuZVqDbajcifCC8CUmlpy3b9gPkwpLJ/49g2o1w==",
      "cpu": [
        "x64"
      ],
      "dev": true,
      "license": "Apache-2.0",
      "optional": true,
      "os": [
        "darwin"
      ],
      "dependencies": {
        "require-asset": "^1.0.2"
      },
      "bin": {
        "bare": "bin/bare"
      }
    },
    "node_modules/bare-runtime-ios-arm64": {
      "version": "1.30.3",
      "resolved": "https://registry.npmjs.org/bare-runtime-ios-arm64/-/bare-runtime-ios-arm64-1.30.3.tgz",
      "integrity": "sha512-NUxIFeUSwjnTjdKQIloDonrlL2QGW3z7mYpJC1GVcpXXtHkiCbuD/rkvtp2DrDa6XRMKLV9GhnqhrouXe9vT+w==",
      "cpu": [
        "arm64"
      ],
      "dev": true,
      "license": "Apache-2.0",
      "optional": true,
      "os": [
        "ios"
      ],
      "dependencies": {
        "require-asset": "^1.0.2"
      },
      "bin": {
        "bare": "bin/bare"
      }
    },
    "node_modules/bare-runtime-ios-arm64-simulator": {
      "version": "1.30.3",
      "resolved": "https://registry.npmjs.org/bare-runtime-ios-arm64-simulator/-/bare-runtime-ios-arm64-simulator-1.30.3.tgz",
      "integrity": "sha512-G339NrV+ibcQw6RQ3ROWMqNFISBbrJdNGpOMAI6vqiCdVn61BTN9MTc1mbUAbr8hAUBxHSjtslCX68LN2PEDHg==",
      "cpu": [
        "arm64"
      ],
      "dev": true,
      "license": "Apache-2.0",
      "optional": true,
      "os": [
        "ios"
      ],
      "dependencies": {
        "require-asset": "^1.0.2"
      },
      "bin": {
        "bare": "bin/bare"
      }
    },
    "node_modules/bare-runtime-ios-x64-simulator": {
      "version": "1.30.3",
      "resolved": "https://registry.npmjs.org/bare-runtime-ios-x64-simulator/-/bare-runtime-ios-x64-simulator-1.30.3.tgz",
      "integrity": "sha512-1BgIankQQw7WTC1gx3dHi0k3NgD+ax2P8JBUu/qEBpNEmFHk8TiqT4dnuyXk7Nidup4t+ohEtNIJZzOts5BZCw==",
      "cpu": [
        "x64"
      ],
      "dev": true,
      "license": "Apache-2.0",
      "optional": true,
      "os": [
        "ios"
      ],
      "dependencies": {
        "require-asset": "^1.0.2"
      },
      "bin": {
        "bare": "bin/bare"
      }
    },
    "node_modules/bare-runtime-linux-arm64": {
      "version": "1.30.3",
      "resolved": "https://registry.npmjs.org/bare-runtime-linux-arm64/-/bare-runtime-linux-arm64-1.30.3.tgz",
      "integrity": "sha512-fNvEzBYpu3E7zq1PZfjVoNiUlTtveajuEWqHdhQHhe39Y1c+HxK3vBm0rwyVV6inmAc3XvEMTiKxrNQqrp9S2g==",
      "cpu": [
        "arm64"
      ],
      "dev": true,
      "license": "Apache-2.0",
      "optional": true,
      "os": [
        "linux"
      ],
      "dependencies": {
        "require-asset": "^1.0.2"
      },
      "bin": {
        "bare": "bin/bare"
      }
    },
    "node_modules/bare-runtime-linux-x64": {
      "version": "1.30.3",
      "resolved": "https://registry.npmjs.org/bare-runtime-linux-x64/-/bare-runtime-linux-x64-1.30.3.tgz",
      "integrity": "sha512-D09u3qxOHP+SoWo+QnU4QwY4hovHIB9b4Q8f9Omi9GVEmGe0BQgttFBm4UxjleFmm9uHa5IF9XMOX3R0lXgKyA==",
      "cpu": [
        "x64"
      ],
      "dev": true,
      "license": "Apache-2.0",
      "optional": true,
      "os": [
        "linux"
      ],
      "dependencies": {
        "require-asset": "^1.0.2"
      },
      "bin": {
        "bare": "bin/bare"
      }
    },
    "node_modules/bare-runtime-win32-arm64": {
      "version": "1.30.3",
      "resolved": "https://registry.npmjs.org/bare-runtime-win32-arm64/-/bare-runtime-win32-arm64-1.30.3.tgz",
      "integrity": "sha512-Ntd+hTsNt2MAALc9rgWeGeCemTOAOw9HehpSg9NRZcff2uaszwpopgoX7SMUxO3BAm2lPI5mdUZS3F8/n2FwWg==",
      "cpu": [
        "arm64"
      ],
      "dev": true,
      "license": "Apache-2.0",
      "optional": true,
      "os": [
        "win32"
      ],
      "dependencies": {
        "require-asset": "^1.0.2"
      },
      "bin": {
        "bare": "bin/bare.exe"
      }
    },
    "node_modules/bare-runtime-win32-x64": {
      "version": "1.30.3",
      "resolved": "https://registry.npmjs.org/bare-runtime-win32-x64/-/bare-runtime-win32-x64-1.30.3.tgz",
      "integrity": "sha512-4ujzW6cAyZL1ED/TFiaBkFrfA/rmLvntN++HwG+wb2gjQfYF/5q0+2y5f4hy2DcFcFB3oTySbeERiBOXXXbp9Q==",
      "cpu": [
        "x64"
      ],
      "dev": true,
      "license": "Apache-2.0",
      "optional": true,
      "os": [
        "win32"
      ],
      "dependencies": {
        "require-asset": "^1.0.2"
      },
      "bin": {
        "bare": "bin/bare.exe"
      }
    },
    "node_modules/bare-semver": {
      "version": "1.0.3",
      "resolved": "https://registry.npmjs.org/bare-semver/-/bare-semver-1.0.3.tgz",
      "integrity": "sha512-HS/A30bi2+PiRJfU6R4+Kp+6KeLSCSByjYM2iiobOKzLAvtu1CT+S8xWfiU7wz0erknjkUoC+yXy108tzIuP5Q==",
      "license": "Apache-2.0"
    },
    "node_modules/bare-signals": {
      "version": "5.0.0",
      "resolved": "https://registry.npmjs.org/bare-signals/-/bare-signals-5.0.0.tgz",
      "integrity": "sha512-8Gn8bBFUh2AUCJ9wWWFjSGWIo1HIUSIQnXRJGSm/f7GCDMqsuJhRmR1dT+HtDaDBkeu2l8Koxt2JLurfJ5yHVw==",
      "dev": true,
      "license": "Apache-2.0",
      "dependencies": {
        "bare-events": "^2.5.3"
      },
      "engines": {
        "bare": ">=1.7.0"
      }
    },
    "node_modules/bare-stdio": {
      "version": "1.0.3",
      "resolved": "https://registry.npmjs.org/bare-stdio/-/bare-stdio-1.0.3.tgz",
      "integrity": "sha512-8BRMx7RWMWCbBmKhyHgBco62J+Pgss7+EPI21L3R9+w0UpwDYWUUcbE0YTOesGyt7M6N7VtoshYbzwrP0pI52Q==",
      "dev": true,
      "license": "Apache-2.0",
      "dependencies": {
        "bare-fs": "^4.5.2",
        "bare-pipe": "^4.1.5",
        "bare-tty": "^5.0.3"
      }
    },
    "node_modules/bare-stream": {
      "version": "2.13.1",
      "resolved": "https://registry.npmjs.org/bare-stream/-/bare-stream-2.13.1.tgz",
      "integrity": "sha512-Vp0cnjYyrEC4whYTymQ+YZi6pBpfiICZO3cfRG8sy67ZNWe951urv1x4eW1BKNngw3U+3fPYb5JQvHbCtxH7Ow==",
      "license": "Apache-2.0",
      "dependencies": {
        "streamx": "^2.25.0",
        "teex": "^1.0.1"
      },
      "peerDependencies": {
        "bare-abort-controller": "*",
        "bare-buffer": "*",
        "bare-events": "*"
      },
      "peerDependenciesMeta": {
        "bare-abort-controller": {
          "optional": true
        },
        "bare-buffer": {
          "optional": true
        },
        "bare-events": {
          "optional": true
        }
      }
    },
    "node_modules/bare-structured-clone": {
      "version": "1.6.0",
      "resolved": "https://registry.npmjs.org/bare-structured-clone/-/bare-structured-clone-1.6.0.tgz",
      "integrity": "sha512-AZjEERyqF7kAuudlmgrweT2KwwWM0LsGG4Gx/bWyFwJrKU7E3wNG8c09z2DIrdw93p3vDtfOX8fyHOcXfy5m+g==",
      "dev": true,
      "license": "Apache-2.0",
      "dependencies": {
        "bare-buffer": "^3.6.0",
        "bare-type": "^1.1.0",
        "bare-url": "^2.4.0",
        "compact-encoding": "^3.0.1"
      },
      "engines": {
        "bare": ">=1.2.0"
      }
    },
    "node_modules/bare-subprocess": {
      "version": "6.1.0",
      "resolved": "https://registry.npmjs.org/bare-subprocess/-/bare-subprocess-6.1.0.tgz",
      "integrity": "sha512-8L6KtbmreDy4Fc1BdDqaDo9fg0nbedUmTSFQxYPV0uHIM2BBAX8+E0LyMDKgkk0I+mlKto80WYzOnIhT8VDdOg==",
      "dev": true,
      "license": "Apache-2.0",
      "dependencies": {
        "bare-env": "^3.0.0",
        "bare-events": "^2.5.4",
        "bare-os": "^3.0.1",
        "bare-pipe": "^4.2.0",
        "bare-structured-clone": "^1.5.2",
        "bare-tcp": "^2.4.1",
        "bare-url": "^2.2.2"
      },
      "engines": {
        "bare": ">=1.7.0"
      },
      "peerDependencies": {
        "bare-buffer": "*"
      },
      "peerDependenciesMeta": {
        "bare-buffer": {
          "optional": true
        }
      }
    },
    "node_modules/bare-tcp": {
      "version": "2.5.2",
      "resolved": "https://registry.npmjs.org/bare-tcp/-/bare-tcp-2.5.2.tgz",
      "integrity": "sha512-9SAF0r+p5w3QxsI9BGBqj/0VlNwJGkEj/1AAJi+4Pl0W7ke2JiYmt7GhJss/uaEnY0s4/N/A/Os6Dr+dVfVzyQ==",
      "dev": true,
      "license": "Apache-2.0",
      "dependencies": {
        "bare-dns": "^2.0.4",
        "bare-events": "^2.5.4",
        "bare-stream": "^2.6.4"
      },
      "engines": {
        "bare": ">=1.16.0"
      },
      "peerDependencies": {
        "bare-pipe": "*"
      },
      "peerDependenciesMeta": {
        "bare-pipe": {
          "optional": true
        }
      }
    },
    "node_modules/bare-tty": {
      "version": "5.1.2",
      "resolved": "https://registry.npmjs.org/bare-tty/-/bare-tty-5.1.2.tgz",
      "integrity": "sha512-wDHPU/yVQtrDCUrKVdIVOLmfIw7dFPETz30UayuFlROvgz8Juv2SmISSMhqxYQVO+fVnG/1ZoLcbGh/35eAjDA==",
      "dev": true,
      "license": "Apache-2.0",
      "dependencies": {
        "bare-events": "^2.2.0",
        "bare-signals": "^5.0.0",
        "bare-stream": "^2.0.0"
      },
      "engines": {
        "bare": ">=1.16.0"
      }
    },
    "node_modules/bare-type": {
      "version": "1.1.0",
      "resolved": "https://registry.npmjs.org/bare-type/-/bare-type-1.1.0.tgz",
      "integrity": "sha512-LdtnnEEYldOc87Dr4GpsKnStStZk3zfgoEMXy8yvEZkXrcCv9RtYDrUYWFsBQHtaB0s1EUWmcvS6XmEZYIj3Bw==",
      "dev": true,
      "license": "Apache-2.0",
      "engines": {
        "bare": ">=1.2.0"
      }
    },
    "node_modules/bare-url": {
      "version": "2.4.2",
      "resolved": "https://registry.npmjs.org/bare-url/-/bare-url-2.4.2.tgz",
      "integrity": "sha512-/9a2j4ac6ckpmAHvod/ob7x439OAHst/drc2Clnq+reRYd/ovddwcF4LfoxHyNk5AuGBnPg+HqFjmE/Zpq6v0A==",
      "license": "Apache-2.0",
      "dependencies": {
        "bare-path": "^3.0.0"
      }
    },
    "node_modules/cmake-bare": {
      "version": "1.7.7",
      "resolved": "https://registry.npmjs.org/cmake-bare/-/cmake-bare-1.7.7.tgz",
      "integrity": "sha512-H+PFcrkdFkeJwLm9ElSbatPamFkszpTz0yZtgwcqUIgOkwn7Gsqb7+WgsFWtniHgxwjc7nQTF5/1LFrPEvEBYA==",
      "license": "Apache-2.0",
      "dependencies": {
        "cmake-npm": "^1.1.0"
      }
    },
    "node_modules/cmake-npm": {
      "version": "1.1.1",
      "resolved": "https://registry.npmjs.org/cmake-npm/-/cmake-npm-1.1.1.tgz",
      "integrity": "sha512-kXz1vY9uyFXcKIzapkJ8+mEU2biH9aO8IKr9slnVO/PQpswPlp91YtkYTJUcc8CW/grE2p/8uH/qhgoMOf4Vug==",
      "license": "Apache-2.0"
    },
    "node_modules/compact-encoding": {
      "version": "3.3.0",
      "resolved": "https://registry.npmjs.org/compact-encoding/-/compact-encoding-3.3.0.tgz",
      "integrity": "sha512-e64XyzlBvTRJ3iScuU/U2w25Dglkm7fhrRbrGaHIwuTlNnzjRKMaQBCVl7mJRvZg7wI5a9wX1IVTXCuaAANNkw==",
      "dev": true,
      "license": "Apache-2.0",
      "dependencies": {
        "b4a": "^1.3.0"
      }
    },
    "node_modules/events-universal": {
      "version": "1.0.1",
      "resolved": "https://registry.npmjs.org/events-universal/-/events-universal-1.0.1.tgz",
      "integrity": "sha512-LUd5euvbMLpwOF8m6ivPCbhQeSiYVNb8Vs0fQ8QjXo0JTkEHpz8pxdQf0gStltaPpw0Cca8b39KxvK9cfKRiAw==",
      "license": "Apache-2.0",
      "dependencies": {
        "bare-events": "^2.7.0"
      }
    },
    "node_modules/fast-fifo": {
      "version": "1.3.2",
      "resolved": "https://registry.npmjs.org/fast-fifo/-/fast-fifo-1.3.2.tgz",
      "integrity": "sha512-/d9sfos4yxzpwkDkuN7k2SqFKtYNmCTzgfEpz82x34IM9/zc8KGxQoXg1liNC/izpRM/MBdt44Nmx41ZWqk+FQ==",
      "license": "MIT"
    },
    "node_modules/require-addon": {
      "version": "1.2.0",
      "resolved": "https://registry.npmjs.org/require-addon/-/require-addon-1.2.0.tgz",
      "integrity": "sha512-VNPDZlYgIYQwWp9jMTzljx+k0ZtatKlcvOhktZ/anNPI3dQ9NXk7cq2U4iJ1wd9IrytRnYhyEocFWbkdPb+MYA==",
      "license": "Apache-2.0",
      "dependencies": {
        "bare-addon-resolve": "^1.3.0"
      },
      "engines": {
        "bare": ">=1.10.0"
      }
    },
    "node_modules/require-asset": {
      "version": "1.2.2",
      "resolved": "https://registry.npmjs.org/require-asset/-/require-asset-1.2.2.tgz",
      "integrity": "sha512-uc8nWKhqAxVD9Z4rST2b4yaemrC9Xb5vA1wlCz5AiCYnBYdwGRWNqFjneA5zRILzlo1MNrB63ry9+pc8wNR26w==",
      "dev": true,
      "license": "Apache-2.0",
      "optional": true,
      "dependencies": {
        "bare-module-resolve": "^1.6.2"
      },
      "engines": {
        "bare": ">=1.10.0",
        "node": ">=18"
      }
    },
    "node_modules/streamx": {
      "version": "2.25.0",
      "resolved": "https://registry.npmjs.org/streamx/-/streamx-2.25.0.tgz",
      "integrity": "sha512-0nQuG6jf1w+wddNEEXCF4nTg3LtufWINB5eFEN+5TNZW7KWJp6x87+JFL43vaAUPyCfH1wID+mNVyW6OHtFamg==",
      "license": "MIT",
      "dependencies": {
        "events-universal": "^1.0.0",
        "fast-fifo": "^1.3.2",
        "text-decoder": "^1.1.0"
      }
    },
    "node_modules/teex": {
      "version": "1.0.1",
      "resolved": "https://registry.npmjs.org/teex/-/teex-1.0.1.tgz",
      "integrity": "sha512-eYE6iEI62Ni1H8oIa7KlDU6uQBtqr4Eajni3wX7rpfXD8ysFx8z0+dri+KWEPWpBsxXfxu58x/0jvTVT1ekOSg==",
      "license": "MIT",
      "dependencies": {
        "streamx": "^2.12.5"
      }
    },
    "node_modules/text-decoder": {
      "version": "1.2.7",
      "resolved": "https://registry.npmjs.org/text-decoder/-/text-decoder-1.2.7.tgz",
      "integrity": "sha512-vlLytXkeP4xvEq2otHeJfSQIRyWxo/oZGEbXrtEEF9Hnmrdly59sUbzZ/QgyWuLYHctCHxFF4tRQZNQ9k60ExQ==",
      "license": "Apache-2.0",
      "dependencies": {
        "b4a": "^1.6.4"
      }
    },
    "node_modules/typescript": {
      "version": "6.0.3",
      "resolved": "https://registry.npmjs.org/typescript/-/typescript-6.0.3.tgz",
      "integrity": "sha512-y2TvuxSZPDyQakkFRPZHKFm+KKVqIisdg9/CZwm9ftvKXLP8NRWj38/ODjNbr43SsoXqNuAisEf1GdCxqWcdBw==",
      "dev": true,
      "license": "Apache-2.0",
      "bin": {
        "tsc": "bin/tsc",
        "tsserver": "bin/tsserver"
      },
      "engines": {
        "node": ">=14.17"
      }
    }
  }
}
